
Microsoft Visual Studio Solution File, Format Version 12.00
# Visual Studio Version 17
VisualStudioVersion = 17.2.32630.192
MinimumVisualStudioVersion = 10.0.40219.1
Project("{FAE04EC0-301F-11D3-BF4B-00C04F79EFBC}") = "first step", "first step\first step.csproj", "{EC7FEB11-67E8-4317-9F92-E4AEE53A18BF}"
EndProject
Global
	GlobalSection(SolutionConfigurationPlatforms) = preSolution
		Debug|Any CPU = Debug|Any CPU
		Release|Any CPU = Release|Any CPU
	EndGlobalSection
	GlobalSection(ProjectConfigurationPlatforms) = postSolution
		{EC7FEB11-67E8-4317-9F92-E4AEE53A18BF}.Debug|Any CPU.ActiveCfg = Debug|Any CPU
		{EC7FEB11-67E8-4317-9F92-E4AEE53A18BF}.Debug|Any CPU.Build.0 = Debug|Any CPU
		{EC7FEB11-67E8-4317-9F92-E4AEE53A18BF}.Release|Any CPU.ActiveCfg = Release|Any CPU
		{EC7FEB11-67E8-4317-9F92-E4AEE53A18BF}.Release|Any CPU.Build.0 = Release|Any CPU
	EndGlobalSection
	GlobalSection(SolutionProperties) = preSolution
		HideSolutionNode = FALSE
	EndGlobalSection
	GlobalSection(ExtensibilityGlobals) = postSolution
		SolutionGuid = {FF29A05C-219F-41B7-BE0F-EBF9DE83E1E6}
	EndGlobalSection
EndGlobal
